Microsoft Visual Studio Solution File, Format Version 11.00
# Visual Studio 2008

Project("{AC0CDEBA-CFE7-5AFF-FCFE-2794B7144FB0}") = "Flail", "Assembly-CSharp-firstpass.csproj", "{157E6026-DD78-A004-DCFD-BE62E07B5570}"
EndProject
Project("{AC0CDEBA-CFE7-5AFF-FCFE-2794B7144FB0}") = "Flail", "Assembly-CSharp.csproj", "{BE240FE5-C641-2312-7D57-2287B3D6DA20}"
EndProject
Project("{AC0CDEBA-CFE7-5AFF-FCFE-2794B7144FB0}") = "Flail", "Assembly-CSharp-Editor.csproj", "{1771CC06-14A0-BF61-F990-DB48C9C5904C}"
EndProject
Global
	GlobalSection(SolutionConfigurationPlatforms) = preSolution
		Debug|Any CPU = Debug|Any CPU
		Release|Any CPU = Release|Any CPU
	EndGlobalSection
	GlobalSection(ProjectConfigurationPlatforms) = postSolution
		{157E6026-DD78-A004-DCFD-BE62E07B5570}.Debug|Any CPU.ActiveCfg = Debug|Any CPU
		{157E6026-DD78-A004-DCFD-BE62E07B5570}.Debug|Any CPU.Build.0 = Debug|Any CPU
		{157E6026-DD78-A004-DCFD-BE62E07B5570}.Release|Any CPU.ActiveCfg = Release|Any CPU
		{157E6026-DD78-A004-DCFD-BE62E07B5570}.Release|Any CPU.Build.0 = Release|Any CPU
		{BE240FE5-C641-2312-7D57-2287B3D6DA20}.Debug|Any CPU.ActiveCfg = Debug|Any CPU
		{BE240FE5-C641-2312-7D57-2287B3D6DA20}.Debug|Any CPU.Build.0 = Debug|Any CPU
		{BE240FE5-C641-2312-7D57-2287B3D6DA20}.Release|Any CPU.ActiveCfg = Release|Any CPU
		{BE240FE5-C641-2312-7D57-2287B3D6DA20}.Release|Any CPU.Build.0 = Release|Any CPU
		{1771CC06-14A0-BF61-F990-DB48C9C5904C}.Debug|Any CPU.ActiveCfg = Debug|Any CPU
		{1771CC06-14A0-BF61-F990-DB48C9C5904C}.Debug|Any CPU.Build.0 = Debug|Any CPU
		{1771CC06-14A0-BF61-F990-DB48C9C5904C}.Release|Any CPU.ActiveCfg = Release|Any CPU
		{1771CC06-14A0-BF61-F990-DB48C9C5904C}.Release|Any CPU.Build.0 = Release|Any CPU
	EndGlobalSection
	GlobalSection(SolutionProperties) = preSolution
		HideSolutionNode = FALSE
	EndGlobalSection
	GlobalSection(MonoDevelopProperties) = preSolution
		StartupItem = Assembly-CSharp.csproj
	EndGlobalSection
EndGlobal
